// !$*UTF8*$!
{
	archiveVersion = 1;
	classes = {
	};
	objectVersion = 77;
	objects = {

/* Begin PBXBuildFile section */
		00D99B4E0CC70008851A3D5D /* ClaudeTermTests.swift in Sources */ = {isa = PBXBuildFile; fileRef = F9FDB7F5B3AC06C19D755B00 /* ClaudeTermTests.swift */; };
		2B3C4D5E6F7A8B9C0D1E2F3A /* BacklogModel.swift in Sources */ = {isa = PBXBuildFile; fileRef = 1A2B3C4D5E6F7A8B9C0D1E2F /* BacklogModel.swift */; };
		4D5E6F7A8B9C0D1E2F3A4B5C /* BacklogPanelView.swift in Sources */ = {isa = PBXBuildFile; fileRef = 3C4D5E6F7A8B9C0D1E2F3A4B /* BacklogPanelView.swift */; };
		17A1459F3AA310158CB2E1DE /* MainWindowView.swift in Sources */ = {isa = PBXBuildFile; fileRef = 36EE200703374B8DDFEDEBDF /* MainWindowView.swift */; };
		17AF497918599F977880E126 /* TabBarView.swift in Sources */ = {isa = PBXBuildFile; fileRef = B1BC3F9C5358AAA9951820BD /* TabBarView.swift */; };
		1D56BDAC3499CA70FDBAB014 /* WorkspaceManagerView.swift in Sources */ = {isa = PBXBuildFile; fileRef = E39936FE51E3579277086DE5 /* WorkspaceManagerView.swift */; };
		21AD8261197975936F658A35 /* PreferencesView.swift in Sources */ = {isa = PBXBuildFile; fileRef = 4442C48A25B6CD6F0B6BCFE5 /* PreferencesView.swift */; };
		69AAE169E05F80B1480D9DBD /* PaneNode.swift in Sources */ = {isa = PBXBuildFile; fileRef = FF1A81EC1756C3EED5B5D1A7 /* PaneNode.swift */; };
		8406A0FDED2D8B4055BD9C26 /* TerminalPaneView.swift in Sources */ = {isa = PBXBuildFile; fileRef = C3958042B2CDC4E5A3ED6154 /* TerminalPaneView.swift */; };
		858C2BC9F612CF3B58B1D758 /* SessionRestorationService.swift in Sources */ = {isa = PBXBuildFile; fileRef = A7CFD8668D1B2C9BB222ACF7 /* SessionRestorationService.swift */; };
		BF5E0002A1B2C3D4E5F60002 /* BacklogFileService.swift in Sources */ = {isa = PBXBuildFile; fileRef = BF5E0001A1B2C3D4E5F60001 /* BacklogFileService.swift */; };
		AC372870ECB017012B61049E /* WorkspaceLayout.swift in Sources */ = {isa = PBXBuildFile; fileRef = E2DDDCF32DA333B179DCD177 /* WorkspaceLayout.swift */; };
		AD6197BD68A143A59C3DA5FB /* SplitContainerView.swift in Sources */ = {isa = PBXBuildFile; fileRef = C6D44397D4AFD908D8754572 /* SplitContainerView.swift */; };
		AF5760AE2D98603255A31648 /* TerminalNameEditor.swift in Sources */ = {isa = PBXBuildFile; fileRef = 4B6162158A41465B4A14E92B /* TerminalNameEditor.swift */; };
		B0BF1FCE4C19C1DDBF5D02A8 /* AppDelegate.swift in Sources */ = {isa = PBXBuildFile; fileRef = CE486C393B51BB9EF64C04AF /* AppDelegate.swift */; };
		D43079465B6CDF8C9665E2B1 /* ShellIntegrationService.swift in Sources */ = {isa = PBXBuildFile; fileRef = D49BB22D5DEDDCCBC8A5BB95 /* ShellIntegrationService.swift */; };
		DE0A2E6E7024E85CDD9F5979 /* WindowState.swift in Sources */ = {isa = PBXBuildFile; fileRef = 289DDBFE5EC7D992B356F1E4 /* WindowState.swift */; };
		DED90E24E86483ED49749F3A /* WorkspacePersistenceService.swift in Sources */ = {isa = PBXBuildFile; fileRef = 96847A1EE77B02D811A685FD /* WorkspacePersistenceService.swift */; };
		E04328C60F789DF6891E3437 /* TerminalSession.swift in Sources */ = {isa = PBXBuildFile; fileRef = 76A3EDB4F7F218F2CC544D56 /* TerminalSession.swift */; };
		E6A75B9A92C04C6D10F16FA0 /* PTYManager.swift in Sources */ = {isa = PBXBuildFile; fileRef = AF6F8A4EFA18BEF8AD3FC7CB /* PTYManager.swift */; };
		E8EBC1DA9EC4A817BB875BFF /* SwiftTerm in Frameworks */ = {isa = PBXBuildFile; productRef = 5843EC364028FA644A81D226 /* SwiftTerm */; };
		EAE907FA58592C4C99A1B57E /* ClaudeTermApp.swift in Sources */ = {isa = PBXBuildFile; fileRef = D2314C974940F605F55AA930 /* ClaudeTermApp.swift */; };
		FBBDE3B775C7F4DE453FEE28 /* TabModel.swift in Sources */ = {isa = PBXBuildFile; fileRef = 46E24C6952D437CAEE44CD1D /* TabModel.swift */; };
		A1B2C3D4E5F60718293A4B5C /* Styles.swift in Sources */ = {isa = PBXBuildFile; fileRef = 5A6B7C8D9E0F1A2B3C4D5E6F /* Styles.swift */; };
		F1A2B3C4D5E6F708192A3B4C /* TerminalStatusBarView.swift in Sources */ = {isa = PBXBuildFile; fileRef = E1D2C3B4A5F6E7081920314B /* TerminalStatusBarView.swift */; };
		BB22CC33DD44EE55FF66AA01 /* NotificationService.swift in Sources */ = {isa = PBXBuildFile; fileRef = AA11BB22CC33DD44EE55FF01 /* NotificationService.swift */; };
		BB22CC33DD44EE55FF66AA02 /* SudoBypassOverlay.swift in Sources */ = {isa = PBXBuildFile; fileRef = AA11BB22CC33DD44EE55FF02 /* SudoBypassOverlay.swift */; };
		BB22CC33DD44EE55FF66AA03 /* GitService.swift in Sources */ = {isa = PBXBuildFile; fileRef = AA11BB22CC33DD44EE55FF03 /* GitService.swift */; };
		BB22CC33DD44EE55FF66AA04 /* GitGraphView.swift in Sources */ = {isa = PBXBuildFile; fileRef = AA11BB22CC33DD44EE55FF04 /* GitGraphView.swift */; };
		BB22CC33DD44EE55FF66AA05 /* ChatModel.swift in Sources */ = {isa = PBXBuildFile; fileRef = AA11BB22CC33DD44EE55FF05 /* ChatModel.swift */; };
		BB22CC33DD44EE55FF66AA06 /* APIKeyManager.swift in Sources */ = {isa = PBXBuildFile; fileRef = AA11BB22CC33DD44EE55FF06 /* APIKeyManager.swift */; };
		BB22CC33DD44EE55FF66AA07 /* ClaudeAPIService.swift in Sources */ = {isa = PBXBuildFile; fileRef = AA11BB22CC33DD44EE55FF07 /* ClaudeAPIService.swift */; };
		BB22CC33DD44EE55FF66AA08 /* AIChatView.swift in Sources */ = {isa = PBXBuildFile; fileRef = AA11BB22CC33DD44EE55FF08 /* AIChatView.swift */; };
		BB22CC33DD44EE55FF66AA09 /* ClaudeProjectModel.swift in Sources */ = {isa = PBXBuildFile; fileRef = AA11BB22CC33DD44EE55FF09 /* ClaudeProjectModel.swift */; };
		BB22CC33DD44EE55FF66AA0A /* ClaudeProjectService.swift in Sources */ = {isa = PBXBuildFile; fileRef = AA11BB22CC33DD44EE55FF0A /* ClaudeProjectService.swift */; };
		BB22CC33DD44EE55FF66AA0B /* ClaudeProjectView.swift in Sources */ = {isa = PBXBuildFile; fileRef = AA11BB22CC33DD44EE55FF0B /* ClaudeProjectView.swift */; };
		BB22CC33DD44EE55FF66AA0C /* EditorModel.swift in Sources */ = {isa = PBXBuildFile; fileRef = AA11BB22CC33DD44EE55FF0C /* EditorModel.swift */; };
		BB22CC33DD44EE55FF66AA0D /* SyntaxHighlighter.swift in Sources */ = {isa = PBXBuildFile; fileRef = AA11BB22CC33DD44EE55FF0D /* SyntaxHighlighter.swift */; };
		BB22CC33DD44EE55FF66AA0E /* FileTreeView.swift in Sources */ = {isa = PBXBuildFile; fileRef = AA11BB22CC33DD44EE55FF0E /* FileTreeView.swift */; };
		BB22CC33DD44EE55FF66AA0F /* CodeEditorView.swift in Sources */ = {isa = PBXBuildFile; fileRef = AA11BB22CC33DD44EE55FF0F /* CodeEditorView.swift */; };
		BB22CC33DD44EE55FF66AA10 /* EditorPanelView.swift in Sources */ = {isa = PBXBuildFile; fileRef = AA11BB22CC33DD44EE55FF10 /* EditorPanelView.swift */; };
		BB22CC33DD44EE55FF66AA11 /* AgentModel.swift in Sources */ = {isa = PBXBuildFile; fileRef = AA11BB22CC33DD44EE55FF11 /* AgentModel.swift */; };
		BB22CC33DD44EE55FF66AA12 /* DevServerService.swift in Sources */ = {isa = PBXBuildFile; fileRef = AA11BB22CC33DD44EE55FF12 /* DevServerService.swift */; };
		FADABD2856A846CEBF36AD12 /* GoatActionParser.swift in Sources */ = {isa = PBXBuildFile; fileRef = 89D7A826F98B42F58D1097F3 /* GoatActionParser.swift */; };
		BB22CC33DD44EE55FF66AA13 /* AgentPanelView.swift in Sources */ = {isa = PBXBuildFile; fileRef = AA11BB22CC33DD44EE55FF13 /* AgentPanelView.swift */; };
		BB22CC33DD44EE55FF66AA14 /* AgentIndicatorView.swift in Sources */ = {isa = PBXBuildFile; fileRef = AA11BB22CC33DD44EE55FF14 /* AgentIndicatorView.swift */; };
		BB22CC33DD44EE55FF66AA15 /* GitHubModel.swift in Sources */ = {isa = PBXBuildFile; fileRef = AA11BB22CC33DD44EE55FF15 /* GitHubModel.swift */; };
		BB22CC33DD44EE55FF66AA16 /* GitHubService.swift in Sources */ = {isa = PBXBuildFile; fileRef = AA11BB22CC33DD44EE55FF16 /* GitHubService.swift */; };
		BB22CC33DD44EE55FF66AA17 /* GitHubPollingService.swift in Sources */ = {isa = PBXBuildFile; fileRef = AA11BB22CC33DD44EE55FF17 /* GitHubPollingService.swift */; };
		BB22CC33DD44EE55FF66AA18 /* GitHubPanelView.swift in Sources */ = {isa = PBXBuildFile; fileRef = AA11BB22CC33DD44EE55FF18 /* GitHubPanelView.swift */; };
		CC33DD44EE55FF66AA77BB19 /* KanbanBoardView.swift in Sources */ = {isa = PBXBuildFile; fileRef = BB22CC33DD44EE55FF77AA19 /* KanbanBoardView.swift */; };
		CC33DD44EE55FF66AA77BB20 /* BottomPanelView.swift in Sources */ = {isa = PBXBuildFile; fileRef = BB22CC33DD44EE55FF77AA20 /* BottomPanelView.swift */; };
		DD44EE55FF66AA77BB88CC21 /* ServerDiscoveryService.swift in Sources */ = {isa = PBXBuildFile; fileRef = CC33DD44EE55FF66AA88BB21 /* ServerDiscoveryService.swift */; };
		EE55FF66AA77BB88CC99DD22 /* PromptHistoryService.swift in Sources */ = {isa = PBXBuildFile; fileRef = DD44EE55FF66AA77CC99BB22 /* PromptHistoryService.swift */; };
		FF66AA77BB88CC99DD00EE23 /* PromptHistoryView.swift in Sources */ = {isa = PBXBuildFile; fileRef = EE55FF66AA77BB88DD99CC23 /* PromptHistoryView.swift */; };
		AA77BB88CC99DD00EE11FF24 /* EnvironmentPanelView.swift in Sources */ = {isa = PBXBuildFile; fileRef = AA77BB88CC99DD00EE11FF25 /* EnvironmentPanelView.swift */; };
		AA77BB88CC99DD00EE11FF30 /* SettingsPanelView.swift in Sources */ = {isa = PBXBuildFile; fileRef = AA77BB88CC99DD00EE11FF31 /* SettingsPanelView.swift */; };
		DD11EE22FF33AA44BB55CC01 /* DMSans.ttf in Resources */ = {isa = PBXBuildFile; fileRef = DD11EE22FF33AA44BB55CC03 /* DMSans.ttf */; };
		DD11EE22FF33AA44BB55CC02 /* DMSans-Italic.ttf in Resources */ = {isa = PBXBuildFile; fileRef = DD11EE22FF33AA44BB55CC04 /* DMSans-Italic.ttf */; };
		FF77AA88BB99CC00DD11EE26 /* ClaudeCodeHistoryService.swift in Sources */ = {isa = PBXBuildFile; fileRef = FF77AA88BB99CC00DD11EE25 /* ClaudeCodeHistoryService.swift */; };
/* End PBXBuildFile section */

/* Begin PBXContainerItemProxy section */
		17B6D7CA5DE6332EAA0552F0 /* PBXContainerItemProxy */ = {
			isa = PBXContainerItemProxy;
			containerPortal = 2A049321A1FDEC79ADA8A11F /* Project object */;
			proxyType = 1;
			remoteGlobalIDString = C05DC4FDA91749EBDD215997;
			remoteInfo = ClaudeTerm;
		};
/* End PBXContainerItemProxy section */

/* Begin PBXFileReference section */
		07BB72D86A3E8F2B8AA2505B /* ClaudeTerm.entitlements */ = {isa = PBXFileReference; lastKnownFileType = text.plist.entitlements; path = ClaudeTerm.entitlements; sourceTree = "<group>"; };
		1A2B3C4D5E6F7A8B9C0D1E2F /* BacklogModel.swift */ = {isa = PBXFileReference; lastKnownFileType = sourcecode.swift; path = BacklogModel.swift; sourceTree = "<group>"; };
		3C4D5E6F7A8B9C0D1E2F3A4B /* BacklogPanelView.swift */ = {isa = PBXFileReference; lastKnownFileType = sourcecode.swift; path = BacklogPanelView.swift; sourceTree = "<group>"; };
		168AA3ECC3E8F1F1D7CC32B3 /* Info.plist */ = {isa = PBXFileReference; lastKnownFileType = text.plist; path = Info.plist; sourceTree = "<group>"; };
		289DDBFE5EC7D992B356F1E4 /* WindowState.swift */ = {isa = PBXFileReference; lastKnownFileType = sourcecode.swift; path = WindowState.swift; sourceTree = "<group>"; };
		36EE200703374B8DDFEDEBDF /* MainWindowView.swift */ = {isa = PBXFileReference; lastKnownFileType = sourcecode.swift; path = MainWindowView.swift; sourceTree = "<group>"; };
		4442C48A25B6CD6F0B6BCFE5 /* PreferencesView.swift */ = {isa = PBXFileReference; lastKnownFileType = sourcecode.swift; path = PreferencesView.swift; sourceTree = "<group>"; };
		46E24C6952D437CAEE44CD1D /* TabModel.swift */ = {isa = PBXFileReference; lastKnownFileType = sourcecode.swift; path = TabModel.swift; sourceTree = "<group>"; };
		4B6162158A41465B4A14E92B /* TerminalNameEditor.swift */ = {isa = PBXFileReference; lastKnownFileType = sourcecode.swift; path = TerminalNameEditor.swift; sourceTree = "<group>"; };
		76A3EDB4F7F218F2CC544D56 /* TerminalSession.swift */ = {isa = PBXFileReference; lastKnownFileType = sourcecode.swift; path = TerminalSession.swift; sourceTree = "<group>"; };
		96847A1EE77B02D811A685FD /* WorkspacePersistenceService.swift */ = {isa = PBXFileReference; lastKnownFileType = sourcecode.swift; path = WorkspacePersistenceService.swift; sourceTree = "<group>"; };
		A7CFD8668D1B2C9BB222ACF7 /* SessionRestorationService.swift */ = {isa = PBXFileReference; lastKnownFileType = sourcecode.swift; path = SessionRestorationService.swift; sourceTree = "<group>"; };
		BF5E0001A1B2C3D4E5F60001 /* BacklogFileService.swift */ = {isa = PBXFileReference; lastKnownFileType = sourcecode.swift; path = BacklogFileService.swift; sourceTree = "<group>"; };
		AF6F8A4EFA18BEF8AD3FC7CB /* PTYManager.swift */ = {isa = PBXFileReference; lastKnownFileType = sourcecode.swift; path = PTYManager.swift; sourceTree = "<group>"; };
		B1BC3F9C5358AAA9951820BD /* TabBarView.swift */ = {isa = PBXFileReference; lastKnownFileType = sourcecode.swift; path = TabBarView.swift; sourceTree = "<group>"; };
		C3958042B2CDC4E5A3ED6154 /* TerminalPaneView.swift */ = {isa = PBXFileReference; lastKnownFileType = sourcecode.swift; path = TerminalPaneView.swift; sourceTree = "<group>"; };
		C6D44397D4AFD908D8754572 /* SplitContainerView.swift */ = {isa = PBXFileReference; lastKnownFileType = sourcecode.swift; path = SplitContainerView.swift; sourceTree = "<group>"; };
		CE486C393B51BB9EF64C04AF /* AppDelegate.swift */ = {isa = PBXFileReference; lastKnownFileType = sourcecode.swift; path = AppDelegate.swift; sourceTree = "<group>"; };
		D2314C974940F605F55AA930 /* ClaudeTermApp.swift */ = {isa = PBXFileReference; lastKnownFileType = sourcecode.swift; path = ClaudeTermApp.swift; sourceTree = "<group>"; };
		D49BB22D5DEDDCCBC8A5BB95 /* ShellIntegrationService.swift */ = {isa = PBXFileReference; lastKnownFileType = sourcecode.swift; path = ShellIntegrationService.swift; sourceTree = "<group>"; };
		D98177B1103E983E0632EC4C /* ClaudeTermTests.xctest */ = {isa = PBXFileReference; explicitFileType = wrapper.cfbundle; includeInIndex = 0; path = ClaudeTermTests.xctest; sourceTree = BUILT_PRODUCTS_DIR; };
		E2DDDCF32DA333B179DCD177 /* WorkspaceLayout.swift */ = {isa = PBXFileReference; lastKnownFileType = sourcecode.swift; path = WorkspaceLayout.swift; sourceTree = "<group>"; };
		E39936FE51E3579277086DE5 /* WorkspaceManagerView.swift */ = {isa = PBXFileReference; lastKnownFileType = sourcecode.swift; path = WorkspaceManagerView.swift; sourceTree = "<group>"; };
		F9FDB7F5B3AC06C19D755B00 /* ClaudeTermTests.swift */ = {isa = PBXFileReference; lastKnownFileType = sourcecode.swift; path = ClaudeTermTests.swift; sourceTree = "<group>"; };
		FB5A5E224847242A7B1827AF /* ClaudeTerm.app */ = {isa = PBXFileReference; explicitFileType = wrapper.application; includeInIndex = 0; path = ClaudeTerm.app; sourceTree = BUILT_PRODUCTS_DIR; };
		FF1A81EC1756C3EED5B5D1A7 /* PaneNode.swift */ = {isa = PBXFileReference; lastKnownFileType = sourcecode.swift; path = PaneNode.swift; sourceTree = "<group>"; };
		5A6B7C8D9E0F1A2B3C4D5E6F /* Styles.swift */ = {isa = PBXFileReference; lastKnownFileType = sourcecode.swift; path = Styles.swift; sourceTree = "<group>"; };
		E1D2C3B4A5F6E7081920314B /* TerminalStatusBarView.swift */ = {isa = PBXFileReference; lastKnownFileType = sourcecode.swift; path = TerminalStatusBarView.swift; sourceTree = "<group>"; };
		AA11BB22CC33DD44EE55FF01 /* NotificationService.swift */ = {isa = PBXFileReference; lastKnownFileType = sourcecode.swift; path = NotificationService.swift; sourceTree = "<group>"; };
		AA11BB22CC33DD44EE55FF02 /* SudoBypassOverlay.swift */ = {isa = PBXFileReference; lastKnownFileType = sourcecode.swift; path = SudoBypassOverlay.swift; sourceTree = "<group>"; };
		AA11BB22CC33DD44EE55FF03 /* GitService.swift */ = {isa = PBXFileReference; lastKnownFileType = sourcecode.swift; path = GitService.swift; sourceTree = "<group>"; };
		AA11BB22CC33DD44EE55FF04 /* GitGraphView.swift */ = {isa = PBXFileReference; lastKnownFileType = sourcecode.swift; path = GitGraphView.swift; sourceTree = "<group>"; };
		AA11BB22CC33DD44EE55FF05 /* ChatModel.swift */ = {isa = PBXFileReference; lastKnownFileType = sourcecode.swift; path = ChatModel.swift; sourceTree = "<group>"; };
		AA11BB22CC33DD44EE55FF06 /* APIKeyManager.swift */ = {isa = PBXFileReference; lastKnownFileType = sourcecode.swift; path = APIKeyManager.swift; sourceTree = "<group>"; };
		AA11BB22CC33DD44EE55FF07 /* ClaudeAPIService.swift */ = {isa = PBXFileReference; lastKnownFileType = sourcecode.swift; path = ClaudeAPIService.swift; sourceTree = "<group>"; };
		AA11BB22CC33DD44EE55FF08 /* AIChatView.swift */ = {isa = PBXFileReference; lastKnownFileType = sourcecode.swift; path = AIChatView.swift; sourceTree = "<group>"; };
		AA11BB22CC33DD44EE55FF09 /* ClaudeProjectModel.swift */ = {isa = PBXFileReference; lastKnownFileType = sourcecode.swift; path = ClaudeProjectModel.swift; sourceTree = "<group>"; };
		AA11BB22CC33DD44EE55FF0A /* ClaudeProjectService.swift */ = {isa = PBXFileReference; lastKnownFileType = sourcecode.swift; path = ClaudeProjectService.swift; sourceTree = "<group>"; };
		AA11BB22CC33DD44EE55FF0B /* ClaudeProjectView.swift */ = {isa = PBXFileReference; lastKnownFileType = sourcecode.swift; path = ClaudeProjectView.swift; sourceTree = "<group>"; };
		AA11BB22CC33DD44EE55FF0C /* EditorModel.swift */ = {isa = PBXFileReference; lastKnownFileType = sourcecode.swift; path = EditorModel.swift; sourceTree = "<group>"; };
		AA11BB22CC33DD44EE55FF0D /* SyntaxHighlighter.swift */ = {isa = PBXFileReference; lastKnownFileType = sourcecode.swift; path = SyntaxHighlighter.swift; sourceTree = "<group>"; };
		AA11BB22CC33DD44EE55FF0E /* FileTreeView.swift */ = {isa = PBXFileReference; lastKnownFileType = sourcecode.swift; path = FileTreeView.swift; sourceTree = "<group>"; };
		AA11BB22CC33DD44EE55FF0F /* CodeEditorView.swift */ = {isa = PBXFileReference; lastKnownFileType = sourcecode.swift; path = CodeEditorView.swift; sourceTree = "<group>"; };
		AA11BB22CC33DD44EE55FF10 /* EditorPanelView.swift */ = {isa = PBXFileReference; lastKnownFileType = sourcecode.swift; path = EditorPanelView.swift; sourceTree = "<group>"; };
		AA11BB22CC33DD44EE55FF11 /* AgentModel.swift */ = {isa = PBXFileReference; lastKnownFileType = sourcecode.swift; path = AgentModel.swift; sourceTree = "<group>"; };
		AA11BB22CC33DD44EE55FF12 /* DevServerService.swift */ = {isa = PBXFileReference; lastKnownFileType = sourcecode.swift; path = DevServerService.swift; sourceTree = "<group>"; };
		89D7A826F98B42F58D1097F3 /* GoatActionParser.swift */ = {isa = PBXFileReference; lastKnownFileType = sourcecode.swift; path = GoatActionParser.swift; sourceTree = "<group>"; };
		AA11BB22CC33DD44EE55FF13 /* AgentPanelView.swift */ = {isa = PBXFileReference; lastKnownFileType = sourcecode.swift; path = AgentPanelView.swift; sourceTree = "<group>"; };
		AA11BB22CC33DD44EE55FF14 /* AgentIndicatorView.swift */ = {isa = PBXFileReference; lastKnownFileType = sourcecode.swift; path = AgentIndicatorView.swift; sourceTree = "<group>"; };
		AA11BB22CC33DD44EE55FF15 /* GitHubModel.swift */ = {isa = PBXFileReference; lastKnownFileType = sourcecode.swift; path = GitHubModel.swift; sourceTree = "<group>"; };
		AA11BB22CC33DD44EE55FF16 /* GitHubService.swift */ = {isa = PBXFileReference; lastKnownFileType = sourcecode.swift; path = GitHubService.swift; sourceTree = "<group>"; };
		AA11BB22CC33DD44EE55FF17 /* GitHubPollingService.swift */ = {isa = PBXFileReference; lastKnownFileType = sourcecode.swift; path = GitHubPollingService.swift; sourceTree = "<group>"; };
		AA11BB22CC33DD44EE55FF18 /* GitHubPanelView.swift */ = {isa = PBXFileReference; lastKnownFileType = sourcecode.swift; path = GitHubPanelView.swift; sourceTree = "<group>"; };
		BB22CC33DD44EE55FF77AA19 /* KanbanBoardView.swift */ = {isa = PBXFileReference; lastKnownFileType = sourcecode.swift; path = KanbanBoardView.swift; sourceTree = "<group>"; };
		BB22CC33DD44EE55FF77AA20 /* BottomPanelView.swift */ = {isa = PBXFileReference; lastKnownFileType = sourcecode.swift; path = BottomPanelView.swift; sourceTree = "<group>"; };
		CC33DD44EE55FF66AA88BB21 /* ServerDiscoveryService.swift */ = {isa = PBXFileReference; lastKnownFileType = sourcecode.swift; path = ServerDiscoveryService.swift; sourceTree = "<group>"; };
		DD44EE55FF66AA77CC99BB22 /* PromptHistoryService.swift */ = {isa = PBXFileReference; lastKnownFileType = sourcecode.swift; path = PromptHistoryService.swift; sourceTree = "<group>"; };
		EE55FF66AA77BB88DD99CC23 /* PromptHistoryView.swift */ = {isa = PBXFileReference; lastKnownFileType = sourcecode.swift; path = PromptHistoryView.swift; sourceTree = "<group>"; };
		AA77BB88CC99DD00EE11FF25 /* EnvironmentPanelView.swift */ = {isa = PBXFileReference; lastKnownFileType = sourcecode.swift; path = EnvironmentPanelView.swift; sourceTree = "<group>"; };
		AA77BB88CC99DD00EE11FF31 /* SettingsPanelView.swift */ = {isa = PBXFileReference; lastKnownFileType = sourcecode.swift; path = SettingsPanelView.swift; sourceTree = "<group>"; };
		DD11EE22FF33AA44BB55CC03 /* DMSans.ttf */ = {isa = PBXFileReference; lastKnownFileType = file; path = DMSans.ttf; sourceTree = "<group>"; };
		DD11EE22FF33AA44BB55CC04 /* DMSans-Italic.ttf */ = {isa = PBXFileReference; lastKnownFileType = file; path = "DMSans-Italic.ttf"; sourceTree = "<group>"; };
		FF77AA88BB99CC00DD11EE25 /* ClaudeCodeHistoryService.swift */ = {isa = PBXFileReference; lastKnownFileType = sourcecode.swift; path = ClaudeCodeHistoryService.swift; sourceTree = "<group>"; };
/* End PBXFileReference section */

/* Begin PBXResourcesBuildPhase section */
		DD11EE22FF33AA44BB55CC06 /* Resources */ = {
			isa = PBXResourcesBuildPhase;
			buildActionMask = 2147483647;
			files = (
				DD11EE22FF33AA44BB55CC01 /* DMSans.ttf in Resources */,
				DD11EE22FF33AA44BB55CC02 /* DMSans-Italic.ttf in Resources */,
			);
			runOnlyForDeploymentPostprocessing = 0;
		};
/* End PBXResourcesBuildPhase section */

/* Begin PBXFrameworksBuildPhase section */
		17DD12EE31CBF2A1E25F2ADF /* Frameworks */ = {
			isa = PBXFrameworksBuildPhase;
			buildActionMask = 2147483647;
			files = (
				E8EBC1DA9EC4A817BB875BFF /* SwiftTerm in Frameworks */,
			);
			runOnlyForDeploymentPostprocessing = 0;
		};
/* End PBXFrameworksBuildPhase section */

/* Begin PBXGroup section */
		549E59A54E37A2C48BFEF666 /* ClaudeTerm */ = {
			isa = PBXGroup;
			children = (
				07BB72D86A3E8F2B8AA2505B /* ClaudeTerm.entitlements */,
				168AA3ECC3E8F1F1D7CC32B3 /* Info.plist */,
				85CC8918ACEA4618E9FEA068 /* App */,
				DD11EE22FF33AA44BB55CC05 /* Fonts */,
				C9FB169E2450BB3025448316 /* Models */,
				CD13052028EAA0BBC2D9CDAB /* Services */,
				615767944D0350A01A78592F /* Views */,
			);
			path = ClaudeTerm;
			sourceTree = "<group>";
		};
		DD11EE22FF33AA44BB55CC05 /* Fonts */ = {
			isa = PBXGroup;
			children = (
				DD11EE22FF33AA44BB55CC03 /* DMSans.ttf */,
				DD11EE22FF33AA44BB55CC04 /* DMSans-Italic.ttf */,
			);
			path = Fonts;
			sourceTree = "<group>";
		};
		615767944D0350A01A78592F /* Views */ = {
			isa = PBXGroup;
			children = (
				AA11BB22CC33DD44EE55FF08 /* AIChatView.swift */,
				AA11BB22CC33DD44EE55FF14 /* AgentIndicatorView.swift */,
				AA11BB22CC33DD44EE55FF13 /* AgentPanelView.swift */,
				3C4D5E6F7A8B9C0D1E2F3A4B /* BacklogPanelView.swift */,
				BB22CC33DD44EE55FF77AA20 /* BottomPanelView.swift */,
				AA11BB22CC33DD44EE55FF0B /* ClaudeProjectView.swift */,
				AA11BB22CC33DD44EE55FF0F /* CodeEditorView.swift */,
				AA11BB22CC33DD44EE55FF10 /* EditorPanelView.swift */,
				AA77BB88CC99DD00EE11FF25 /* EnvironmentPanelView.swift */,
				AA77BB88CC99DD00EE11FF31 /* SettingsPanelView.swift */,
				AA11BB22CC33DD44EE55FF0E /* FileTreeView.swift */,
				AA11BB22CC33DD44EE55FF04 /* GitGraphView.swift */,
				AA11BB22CC33DD44EE55FF18 /* GitHubPanelView.swift */,
				BB22CC33DD44EE55FF77AA19 /* KanbanBoardView.swift */,
				36EE200703374B8DDFEDEBDF /* MainWindowView.swift */,
				4442C48A25B6CD6F0B6BCFE5 /* PreferencesView.swift */,
				EE55FF66AA77BB88DD99CC23 /* PromptHistoryView.swift */,
				C6D44397D4AFD908D8754572 /* SplitContainerView.swift */,
				5A6B7C8D9E0F1A2B3C4D5E6F /* Styles.swift */,
				AA11BB22CC33DD44EE55FF02 /* SudoBypassOverlay.swift */,
				B1BC3F9C5358AAA9951820BD /* TabBarView.swift */,
				4B6162158A41465B4A14E92B /* TerminalNameEditor.swift */,
				C3958042B2CDC4E5A3ED6154 /* TerminalPaneView.swift */,
				E1D2C3B4A5F6E7081920314B /* TerminalStatusBarView.swift */,
				E39936FE51E3579277086DE5 /* WorkspaceManagerView.swift */,
			);
			path = Views;
			sourceTree = "<group>";
		};
		778D485B07A076DA6AFFC9FE = {
			isa = PBXGroup;
			children = (
				549E59A54E37A2C48BFEF666 /* ClaudeTerm */,
				D6B643403D71CB401D810353 /* ClaudeTermTests */,
				BA36098ED6892000DB0E1833 /* Products */,
			);
			sourceTree = "<group>";
		};
		85CC8918ACEA4618E9FEA068 /* App */ = {
			isa = PBXGroup;
			children = (
				CE486C393B51BB9EF64C04AF /* AppDelegate.swift */,
				D2314C974940F605F55AA930 /* ClaudeTermApp.swift */,
			);
			path = App;
			sourceTree = "<group>";
		};
		BA36098ED6892000DB0E1833 /* Products */ = {
			isa = PBXGroup;
			children = (
				FB5A5E224847242A7B1827AF /* ClaudeTerm.app */,
				D98177B1103E983E0632EC4C /* ClaudeTermTests.xctest */,
			);
			name = Products;
			sourceTree = "<group>";
		};
		C9FB169E2450BB3025448316 /* Models */ = {
			isa = PBXGroup;
			children = (
				AA11BB22CC33DD44EE55FF11 /* AgentModel.swift */,
				1A2B3C4D5E6F7A8B9C0D1E2F /* BacklogModel.swift */,
				AA11BB22CC33DD44EE55FF05 /* ChatModel.swift */,
				AA11BB22CC33DD44EE55FF09 /* ClaudeProjectModel.swift */,
				AA11BB22CC33DD44EE55FF0C /* EditorModel.swift */,
				AA11BB22CC33DD44EE55FF15 /* GitHubModel.swift */,
				FF1A81EC1756C3EED5B5D1A7 /* PaneNode.swift */,
				46E24C6952D437CAEE44CD1D /* TabModel.swift */,
				76A3EDB4F7F218F2CC544D56 /* TerminalSession.swift */,
				289DDBFE5EC7D992B356F1E4 /* WindowState.swift */,
				E2DDDCF32DA333B179DCD177 /* WorkspaceLayout.swift */,
			);
			path = Models;
			sourceTree = "<group>";
		};
		CD13052028EAA0BBC2D9CDAB /* Services */ = {
			isa = PBXGroup;
			children = (
				AA11BB22CC33DD44EE55FF06 /* APIKeyManager.swift */,
				AA11BB22CC33DD44EE55FF07 /* ClaudeAPIService.swift */,
				FF77AA88BB99CC00DD11EE25 /* ClaudeCodeHistoryService.swift */,
				AA11BB22CC33DD44EE55FF0A /* ClaudeProjectService.swift */,
				AA11BB22CC33DD44EE55FF12 /* DevServerService.swift */,
				89D7A826F98B42F58D1097F3 /* GoatActionParser.swift */,
				AA11BB22CC33DD44EE55FF03 /* GitService.swift */,
				AA11BB22CC33DD44EE55FF16 /* GitHubService.swift */,
				AA11BB22CC33DD44EE55FF17 /* GitHubPollingService.swift */,
				AA11BB22CC33DD44EE55FF01 /* NotificationService.swift */,
				AF6F8A4EFA18BEF8AD3FC7CB /* PTYManager.swift */,
				A7CFD8668D1B2C9BB222ACF7 /* SessionRestorationService.swift */,
				CC33DD44EE55FF66AA88BB21 /* ServerDiscoveryService.swift */,
				DD44EE55FF66AA77CC99BB22 /* PromptHistoryService.swift */,
				BF5E0001A1B2C3D4E5F60001 /* BacklogFileService.swift */,
				D49BB22D5DEDDCCBC8A5BB95 /* ShellIntegrationService.swift */,
				AA11BB22CC33DD44EE55FF0D /* SyntaxHighlighter.swift */,
				96847A1EE77B02D811A685FD /* WorkspacePersistenceService.swift */,
			);
			path = Services;
			sourceTree = "<group>";
		};
		D6B643403D71CB401D810353 /* ClaudeTermTests */ = {
			isa = PBXGroup;
			children = (
				F9FDB7F5B3AC06C19D755B00 /* ClaudeTermTests.swift */,
			);
			path = ClaudeTermTests;
			sourceTree = "<group>";
		};
/* End PBXGroup section */

/* Begin PBXNativeTarget section */
		49474E16EB43ADB3F9506860 /* ClaudeTermTests */ = {
			isa = PBXNativeTarget;
			buildConfigurationList = 4359E5F610A70C83DE53C65A /* Build configuration list for PBXNativeTarget "ClaudeTermTests" */;
			buildPhases = (
				BA235CDB86D63ACD9F7476EA /* Sources */,
			);
			buildRules = (
			);
			dependencies = (
				AC4964CBF31541BFD5E90E8C /* PBXTargetDependency */,
			);
			name = ClaudeTermTests;
			packageProductDependencies = (
			);
			productName = ClaudeTermTests;
			productReference = D98177B1103E983E0632EC4C /* ClaudeTermTests.xctest */;
			productType = "com.apple.product-type.bundle.unit-test";
		};
		C05DC4FDA91749EBDD215997 /* ClaudeTerm */ = {
			isa = PBXNativeTarget;
			buildConfigurationList = 9863462A82D0FE7CB4E1CF9B /* Build configuration list for PBXNativeTarget "ClaudeTerm" */;
			buildPhases = (
				79F2F96608990743DD593E62 /* Sources */,
				17DD12EE31CBF2A1E25F2ADF /* Frameworks */,
				DD11EE22FF33AA44BB55CC06 /* Resources */,
			);
			buildRules = (
			);
			dependencies = (
			);
			name = ClaudeTerm;
			packageProductDependencies = (
				5843EC364028FA644A81D226 /* SwiftTerm */,
			);
			productName = ClaudeTerm;
			productReference = FB5A5E224847242A7B1827AF /* ClaudeTerm.app */;
			productType = "com.apple.product-type.application";
		};
/* End PBXNativeTarget section */

/* Begin PBXProject section */
		2A049321A1FDEC79ADA8A11F /* Project object */ = {
			isa = PBXProject;
			attributes = {
				BuildIndependentTargetsInParallel = YES;
				LastUpgradeCheck = 1500;
			};
			buildConfigurationList = 58B30CF00F022F8D1490A5F4 /* Build configuration list for PBXProject "ClaudeTerm" */;
			compatibilityVersion = "Xcode 14.0";
			developmentRegion = en;
			hasScannedForEncodings = 0;
			knownRegions = (
				Base,
				en,
			);
			mainGroup = 778D485B07A076DA6AFFC9FE;
			minimizedProjectReferenceProxies = 1;
			packageReferences = (
				3BA3B0ECBA3D64D9F90E8A25 /* XCRemoteSwiftPackageReference "SwiftTerm" */,
			);
			preferredProjectObjectVersion = 77;
			projectDirPath = "";
			projectRoot = "";
			targets = (
				C05DC4FDA91749EBDD215997 /* ClaudeTerm */,
				49474E16EB43ADB3F9506860 /* ClaudeTermTests */,
			);
		};
/* End PBXProject section */

/* Begin PBXSourcesBuildPhase section */
		79F2F96608990743DD593E62 /* Sources */ = {
			isa = PBXSourcesBuildPhase;
			buildActionMask = 2147483647;
			files = (
				B0BF1FCE4C19C1DDBF5D02A8 /* AppDelegate.swift in Sources */,
				2B3C4D5E6F7A8B9C0D1E2F3A /* BacklogModel.swift in Sources */,
				4D5E6F7A8B9C0D1E2F3A4B5C /* BacklogPanelView.swift in Sources */,
				EAE907FA58592C4C99A1B57E /* ClaudeTermApp.swift in Sources */,
				17A1459F3AA310158CB2E1DE /* MainWindowView.swift in Sources */,
				E6A75B9A92C04C6D10F16FA0 /* PTYManager.swift in Sources */,
				69AAE169E05F80B1480D9DBD /* PaneNode.swift in Sources */,
				21AD8261197975936F658A35 /* PreferencesView.swift in Sources */,
				858C2BC9F612CF3B58B1D758 /* SessionRestorationService.swift in Sources */,
				BF5E0002A1B2C3D4E5F60002 /* BacklogFileService.swift in Sources */,
				D43079465B6CDF8C9665E2B1 /* ShellIntegrationService.swift in Sources */,
				AD6197BD68A143A59C3DA5FB /* SplitContainerView.swift in Sources */,
				A1B2C3D4E5F60718293A4B5C /* Styles.swift in Sources */,
				17AF497918599F977880E126 /* TabBarView.swift in Sources */,
				FBBDE3B775C7F4DE453FEE28 /* TabModel.swift in Sources */,
				AF5760AE2D98603255A31648 /* TerminalNameEditor.swift in Sources */,
				8406A0FDED2D8B4055BD9C26 /* TerminalPaneView.swift in Sources */,
				F1A2B3C4D5E6F708192A3B4C /* TerminalStatusBarView.swift in Sources */,
				E04328C60F789DF6891E3437 /* TerminalSession.swift in Sources */,
				DE0A2E6E7024E85CDD9F5979 /* WindowState.swift in Sources */,
				AC372870ECB017012B61049E /* WorkspaceLayout.swift in Sources */,
				1D56BDAC3499CA70FDBAB014 /* WorkspaceManagerView.swift in Sources */,
				DED90E24E86483ED49749F3A /* WorkspacePersistenceService.swift in Sources */,
				BB22CC33DD44EE55FF66AA01 /* NotificationService.swift in Sources */,
				BB22CC33DD44EE55FF66AA02 /* SudoBypassOverlay.swift in Sources */,
				BB22CC33DD44EE55FF66AA03 /* GitService.swift in Sources */,
				BB22CC33DD44EE55FF66AA04 /* GitGraphView.swift in Sources */,
				BB22CC33DD44EE55FF66AA05 /* ChatModel.swift in Sources */,
				BB22CC33DD44EE55FF66AA06 /* APIKeyManager.swift in Sources */,
				BB22CC33DD44EE55FF66AA07 /* ClaudeAPIService.swift in Sources */,
				BB22CC33DD44EE55FF66AA08 /* AIChatView.swift in Sources */,
				BB22CC33DD44EE55FF66AA09 /* ClaudeProjectModel.swift in Sources */,
				BB22CC33DD44EE55FF66AA0A /* ClaudeProjectService.swift in Sources */,
				BB22CC33DD44EE55FF66AA0B /* ClaudeProjectView.swift in Sources */,
				BB22CC33DD44EE55FF66AA0C /* EditorModel.swift in Sources */,
				BB22CC33DD44EE55FF66AA0D /* SyntaxHighlighter.swift in Sources */,
				BB22CC33DD44EE55FF66AA0E /* FileTreeView.swift in Sources */,
				BB22CC33DD44EE55FF66AA0F /* CodeEditorView.swift in Sources */,
				BB22CC33DD44EE55FF66AA10 /* EditorPanelView.swift in Sources */,
				BB22CC33DD44EE55FF66AA11 /* AgentModel.swift in Sources */,
				BB22CC33DD44EE55FF66AA12 /* DevServerService.swift in Sources */,
				FADABD2856A846CEBF36AD12 /* GoatActionParser.swift in Sources */,
				BB22CC33DD44EE55FF66AA13 /* AgentPanelView.swift in Sources */,
				BB22CC33DD44EE55FF66AA14 /* AgentIndicatorView.swift in Sources */,
				BB22CC33DD44EE55FF66AA15 /* GitHubModel.swift in Sources */,
				BB22CC33DD44EE55FF66AA16 /* GitHubService.swift in Sources */,
				BB22CC33DD44EE55FF66AA17 /* GitHubPollingService.swift in Sources */,
				BB22CC33DD44EE55FF66AA18 /* GitHubPanelView.swift in Sources */,
				CC33DD44EE55FF66AA77BB19 /* KanbanBoardView.swift in Sources */,
				CC33DD44EE55FF66AA77BB20 /* BottomPanelView.swift in Sources */,
				DD44EE55FF66AA77BB88CC21 /* ServerDiscoveryService.swift in Sources */,
				EE55FF66AA77BB88CC99DD22 /* PromptHistoryService.swift in Sources */,
				FF77AA88BB99CC00DD11EE26 /* ClaudeCodeHistoryService.swift in Sources */,
				FF66AA77BB88CC99DD00EE23 /* PromptHistoryView.swift in Sources */,
				AA77BB88CC99DD00EE11FF24 /* EnvironmentPanelView.swift in Sources */,
				AA77BB88CC99DD00EE11FF30 /* SettingsPanelView.swift in Sources */,
			);
			runOnlyForDeploymentPostprocessing = 0;
		};
		BA235CDB86D63ACD9F7476EA /* Sources */ = {
			isa = PBXSourcesBuildPhase;
			buildActionMask = 2147483647;
			files = (
				00D99B4E0CC70008851A3D5D /* ClaudeTermTests.swift in Sources */,
			);
			runOnlyForDeploymentPostprocessing = 0;
		};
/* End PBXSourcesBuildPhase section */

/* Begin PBXTargetDependency section */
		AC4964CBF31541BFD5E90E8C /* PBXTargetDependency */ = {
			isa = PBXTargetDependency;
			target = C05DC4FDA91749EBDD215997 /* ClaudeTerm */;
			targetProxy = 17B6D7CA5DE6332EAA0552F0 /* PBXContainerItemProxy */;
		};
/* End PBXTargetDependency section */

/* Begin XCBuildConfiguration section */
		0DABA6AFB81ADE22D3E6FA01 /* Debug */ = {
			isa = XCBuildConfiguration;
			buildSettings = {
				BUNDLE_LOADER = "$(TEST_HOST)";
				COMBINE_HIDPI_IMAGES = YES;
				LD_RUNPATH_SEARCH_PATHS = (
					"$(inherited)",
					"@executable_path/../Frameworks",
					"@loader_path/../Frameworks",
				);
				PRODUCT_BUNDLE_IDENTIFIER = com.claudeterm.ClaudeTermTests;
				SDKROOT = macosx;
				SWIFT_VERSION = 5.9;
				TEST_HOST = "$(BUILT_PRODUCTS_DIR)/ClaudeTerm.app/Contents/MacOS/ClaudeTerm";
			};
			name = Debug;
		};
		3DFCD04036DBF507627CD2FE /* Debug */ = {
			isa = XCBuildConfiguration;
			buildSettings = {
				ASSETCATALOG_COMPILER_APPICON_NAME = AppIcon;
				CODE_SIGN_ENTITLEMENTS = ClaudeTerm/ClaudeTerm.entitlements;
				CODE_SIGN_IDENTITY = "-";
				COMBINE_HIDPI_IMAGES = YES;
				CURRENT_PROJECT_VERSION = 1;
				ENABLE_APP_SANDBOX = NO;
				INFOPLIST_FILE = ClaudeTerm/Info.plist;
				LD_RUNPATH_SEARCH_PATHS = (
					"$(inherited)",
					"@executable_path/../Frameworks",
				);
				MACOSX_DEPLOYMENT_TARGET = 14.0;
				MARKETING_VERSION = 1.0.0;
				PRODUCT_BUNDLE_IDENTIFIER = com.claudeterm.app;
				PRODUCT_NAME = ClaudeTerm;
				SDKROOT = macosx;
				SWIFT_VERSION = 5.9;
			};
			name = Debug;
		};
		439898E802F4D9328C17D57F /* Release */ = {
			isa = XCBuildConfiguration;
			buildSettings = {
				ALWAYS_SEARCH_USER_PATHS = NO;
				CLANG_ANALYZER_NONNULL = YES;
				CLANG_ANALYZER_NUMBER_OBJECT_CONVERSION = YES_AGGRESSIVE;
				CLANG_CXX_LANGUAGE_STANDARD = "gnu++14";
				CLANG_CXX_LIBRARY = "libc++";
				CLANG_ENABLE_MODULES = YES;
				CLANG_ENABLE_OBJC_ARC = YES;
				CLANG_ENABLE_OBJC_WEAK = YES;
				CLANG_WARN_BLOCK_CAPTURE_AUTORELEASING = YES;
				CLANG_WARN_BOOL_CONVERSION = YES;
				CLANG_WARN_COMMA = YES;
				CLANG_WARN_CONSTANT_CONVERSION = YES;
				CLANG_WARN_DEPRECATED_OBJC_IMPLEMENTATIONS = YES;
				CLANG_WARN_DIRECT_OBJC_ISA_USAGE = YES_ERROR;
				CLANG_WARN_DOCUMENTATION_COMMENTS = YES;
				CLANG_WARN_EMPTY_BODY = YES;
				CLANG_WARN_ENUM_CONVERSION = YES;
				CLANG_WARN_INFINITE_RECURSION = YES;
				CLANG_WARN_INT_CONVERSION = YES;
				CLANG_WARN_NON_LITERAL_NULL_CONVERSION = YES;
				CLANG_WARN_OBJC_IMPLICIT_RETAIN_SELF = YES;
				CLANG_WARN_OBJC_LITERAL_CONVERSION = YES;
				CLANG_WARN_OBJC_ROOT_CLASS = YES_ERROR;
				CLANG_WARN_QUOTED_INCLUDE_IN_FRAMEWORK_HEADER = YES;
				CLANG_WARN_RANGE_LOOP_ANALYSIS = YES;
				CLANG_WARN_STRICT_PROTOTYPES = YES;
				CLANG_WARN_SUSPICIOUS_MOVE = YES;
				CLANG_WARN_UNGUARDED_AVAILABILITY = YES_AGGRESSIVE;
				CLANG_WARN_UNREACHABLE_CODE = YES;
				CLANG_WARN__DUPLICATE_METHOD_MATCH = YES;
				COPY_PHASE_STRIP = NO;
				DEBUG_INFORMATION_FORMAT = "dwarf-with-dsym";
				ENABLE_NS_ASSERTIONS = NO;
				ENABLE_STRICT_OBJC_MSGSEND = YES;
				GCC_C_LANGUAGE_STANDARD = gnu11;
				GCC_NO_COMMON_BLOCKS = YES;
				GCC_WARN_64_TO_32_BIT_CONVERSION = YES;
				GCC_WARN_ABOUT_RETURN_TYPE = YES_ERROR;
				GCC_WARN_UNDECLARED_SELECTOR = YES;
				GCC_WARN_UNINITIALIZED_AUTOS = YES_AGGRESSIVE;
				GCC_WARN_UNUSED_FUNCTION = YES;
				GCC_WARN_UNUSED_VARIABLE = YES;
				MACOSX_DEPLOYMENT_TARGET = 14.0;
				MTL_ENABLE_DEBUG_INFO = NO;
				MTL_FAST_MATH = YES;
				PRODUCT_NAME = "$(TARGET_NAME)";
				SDKROOT = macosx;
				SWIFT_COMPILATION_MODE = wholemodule;
				SWIFT_OPTIMIZATION_LEVEL = "-O";
				SWIFT_VERSION = 5.0;
			};
			name = Release;
		};
		7F91F14ED0501A9FA67E48C6 /* Debug */ = {
			isa = XCBuildConfiguration;
			buildSettings = {
				ALWAYS_SEARCH_USER_PATHS = NO;
				CLANG_ANALYZER_NONNULL = YES;
				CLANG_ANALYZER_NUMBER_OBJECT_CONVERSION = YES_AGGRESSIVE;
				CLANG_CXX_LANGUAGE_STANDARD = "gnu++14";
				CLANG_CXX_LIBRARY = "libc++";
				CLANG_ENABLE_MODULES = YES;
				CLANG_ENABLE_OBJC_ARC = YES;
				CLANG_ENABLE_OBJC_WEAK = YES;
				CLANG_WARN_BLOCK_CAPTURE_AUTORELEASING = YES;
				CLANG_WARN_BOOL_CONVERSION = YES;
				CLANG_WARN_COMMA = YES;
				CLANG_WARN_CONSTANT_CONVERSION = YES;
				CLANG_WARN_DEPRECATED_OBJC_IMPLEMENTATIONS = YES;
				CLANG_WARN_DIRECT_OBJC_ISA_USAGE = YES_ERROR;
				CLANG_WARN_DOCUMENTATION_COMMENTS = YES;
				CLANG_WARN_EMPTY_BODY = YES;
				CLANG_WARN_ENUM_CONVERSION = YES;
				CLANG_WARN_INFINITE_RECURSION = YES;
				CLANG_WARN_INT_CONVERSION = YES;
				CLANG_WARN_NON_LITERAL_NULL_CONVERSION = YES;
				CLANG_WARN_OBJC_IMPLICIT_RETAIN_SELF = YES;
				CLANG_WARN_OBJC_LITERAL_CONVERSION = YES;
				CLANG_WARN_OBJC_ROOT_CLASS = YES_ERROR;
				CLANG_WARN_QUOTED_INCLUDE_IN_FRAMEWORK_HEADER = YES;
				CLANG_WARN_RANGE_LOOP_ANALYSIS = YES;
				CLANG_WARN_STRICT_PROTOTYPES = YES;
				CLANG_WARN_SUSPICIOUS_MOVE = YES;
				CLANG_WARN_UNGUARDED_AVAILABILITY = YES_AGGRESSIVE;
				CLANG_WARN_UNREACHABLE_CODE = YES;
				CLANG_WARN__DUPLICATE_METHOD_MATCH = YES;
				COPY_PHASE_STRIP = NO;
				DEBUG_INFORMATION_FORMAT = dwarf;
				ENABLE_STRICT_OBJC_MSGSEND = YES;
				ENABLE_TESTABILITY = YES;
				GCC_C_LANGUAGE_STANDARD = gnu11;
				GCC_DYNAMIC_NO_PIC = NO;
				GCC_NO_COMMON_BLOCKS = YES;
				GCC_OPTIMIZATION_LEVEL = 0;
				GCC_PREPROCESSOR_DEFINITIONS = (
					"$(inherited)",
					"DEBUG=1",
				);
				GCC_WARN_64_TO_32_BIT_CONVERSION = YES;
				GCC_WARN_ABOUT_RETURN_TYPE = YES_ERROR;
				GCC_WARN_UNDECLARED_SELECTOR = YES;
				GCC_WARN_UNINITIALIZED_AUTOS = YES_AGGRESSIVE;
				GCC_WARN_UNUSED_FUNCTION = YES;
				GCC_WARN_UNUSED_VARIABLE = YES;
				MACOSX_DEPLOYMENT_TARGET = 14.0;
				MTL_ENABLE_DEBUG_INFO = INCLUDE_SOURCE;
				MTL_FAST_MATH = YES;
				ONLY_ACTIVE_ARCH = YES;
				PRODUCT_NAME = "$(TARGET_NAME)";
				SDKROOT = macosx;
				SWIFT_ACTIVE_COMPILATION_CONDITIONS = DEBUG;
				SWIFT_OPTIMIZATION_LEVEL = "-Onone";
				SWIFT_VERSION = 5.0;
			};
			name = Debug;
		};
		94C7B965EFBF5894FBAA0089 /* Release */ = {
			isa = XCBuildConfiguration;
			buildSettings = {
				ASSETCATALOG_COMPILER_APPICON_NAME = AppIcon;
				CODE_SIGN_ENTITLEMENTS = ClaudeTerm/ClaudeTerm.entitlements;
				CODE_SIGN_IDENTITY = "-";
				COMBINE_HIDPI_IMAGES = YES;
				CURRENT_PROJECT_VERSION = 1;
				ENABLE_APP_SANDBOX = NO;
				INFOPLIST_FILE = ClaudeTerm/Info.plist;
				LD_RUNPATH_SEARCH_PATHS = (
					"$(inherited)",
					"@executable_path/../Frameworks",
				);
				MACOSX_DEPLOYMENT_TARGET = 14.0;
				MARKETING_VERSION = 1.0.0;
				PRODUCT_BUNDLE_IDENTIFIER = com.claudeterm.app;
				PRODUCT_NAME = ClaudeTerm;
				SDKROOT = macosx;
				SWIFT_VERSION = 5.9;
			};
			name = Release;
		};
		EB93C00C390BB14A3EC722A0 /* Release */ = {
			isa = XCBuildConfiguration;
			buildSettings = {
				BUNDLE_LOADER = "$(TEST_HOST)";
				COMBINE_HIDPI_IMAGES = YES;
				LD_RUNPATH_SEARCH_PATHS = (
					"$(inherited)",
					"@executable_path/../Frameworks",
					"@loader_path/../Frameworks",
				);
				PRODUCT_BUNDLE_IDENTIFIER = com.claudeterm.ClaudeTermTests;
				SDKROOT = macosx;
				SWIFT_VERSION = 5.9;
				TEST_HOST = "$(BUILT_PRODUCTS_DIR)/ClaudeTerm.app/Contents/MacOS/ClaudeTerm";
			};
			name = Release;
		};
/* End XCBuildConfiguration section */

/* Begin XCConfigurationList section */
		4359E5F610A70C83DE53C65A /* Build configuration list for PBXNativeTarget "ClaudeTermTests" */ = {
			isa = XCConfigurationList;
			buildConfigurations = (
				0DABA6AFB81ADE22D3E6FA01 /* Debug */,
				EB93C00C390BB14A3EC722A0 /* Release */,
			);
			defaultConfigurationIsVisible = 0;
			defaultConfigurationName = Debug;
		};
		58B30CF00F022F8D1490A5F4 /* Build configuration list for PBXProject "ClaudeTerm" */ = {
			isa = XCConfigurationList;
			buildConfigurations = (
				7F91F14ED0501A9FA67E48C6 /* Debug */,
				439898E802F4D9328C17D57F /* Release */,
			);
			defaultConfigurationIsVisible = 0;
			defaultConfigurationName = Debug;
		};
		9863462A82D0FE7CB4E1CF9B /* Build configuration list for PBXNativeTarget "ClaudeTerm" */ = {
			isa = XCConfigurationList;
			buildConfigurations = (
				3DFCD04036DBF507627CD2FE /* Debug */,
				94C7B965EFBF5894FBAA0089 /* Release */,
			);
			defaultConfigurationIsVisible = 0;
			defaultConfigurationName = Debug;
		};
/* End XCConfigurationList section */

/* Begin XCRemoteSwiftPackageReference section */
		3BA3B0ECBA3D64D9F90E8A25 /* XCRemoteSwiftPackageReference "SwiftTerm" */ = {
			isa = XCRemoteSwiftPackageReference;
			repositoryURL = "https://github.com/migueldeicaza/SwiftTerm.git";
			requirement = {
				kind = upToNextMajorVersion;
				minimumVersion = 1.2.0;
			};
		};
/* End XCRemoteSwiftPackageReference section */

/* Begin XCSwiftPackageProductDependency section */
		5843EC364028FA644A81D226 /* SwiftTerm */ = {
			isa = XCSwiftPackageProductDependency;
			package = 3BA3B0ECBA3D64D9F90E8A25 /* XCRemoteSwiftPackageReference "SwiftTerm" */;
			productName = SwiftTerm;
		};
/* End XCSwiftPackageProductDependency section */
	};
	rootObject = 2A049321A1FDEC79ADA8A11F /* Project object */;
}
